
Microsoft Visual Studio Solution File, Format Version 12.00
# Visual Studio Version 17
VisualStudioVersion = 17.14.36717.8
MinimumVisualStudioVersion = 10.0.40219.1
Project("{FAE04EC0-301F-11D3-BF4B-00C04F79EFBC}") = "WinPhoneTango", "WinPhoneTango\WinPhoneTango.csproj", "{DBBB238C-295D-466C-A0DF-1F5B079C2C33}"
EndProject
Project("{FAE04EC0-301F-11D3-BF4B-00C04F79EFBC}") = "Tango.Messages", "Tango.Messages\Tango.Messages.csproj", "{611572B5-77EB-4748-A55B-8382B200EEEC}"
EndProject
Project("{FAE04EC0-301F-11D3-BF4B-00C04F79EFBC}") = "Google.ProtocolBuffers", "Google.ProtocolBuffers\Google.ProtocolBuffers.csproj", "{76E720F1-5542-42AB-B27E-1810A6A7E744}"
EndProject
Project("{FAE04EC0-301F-11D3-BF4B-00C04F79EFBC}") = "ImageTools", "ImageTools\ImageTools.csproj", "{04300DD5-53CB-4314-86EF-E4560CC4EA04}"
EndProject
Project("{FAE04EC0-301F-11D3-BF4B-00C04F79EFBC}") = "ImageTools.IO.Bmp", "ImageTools.IO.Bmp\ImageTools.IO.Bmp.csproj", "{0F6FA9CD-EF41-4068-A934-97F8D92FA262}"
EndProject
Project("{FAE04EC0-301F-11D3-BF4B-00C04F79EFBC}") = "ImageTools.IO.Gif", "ImageTools.IO.Gif\ImageTools.IO.Gif.csproj", "{3EB9BFF2-4CDA-47E7-B490-58CC0C420491}"
EndProject
Project("{FAE04EC0-301F-11D3-BF4B-00C04F79EFBC}") = "ImageTools.IO.Png", "ImageTools.IO.Png\ImageTools.IO.Png.csproj", "{24752428-C2F4-4BC4-931C-7C2B00AAF7CE}"
EndProject
Project("{FAE04EC0-301F-11D3-BF4B-00C04F79EFBC}") = "Tango.Drivers", "Tango.Drivers\Tango.Drivers.csproj", "{2629E08D-CCE7-46E8-B1C8-79C37F8ABDAC}"
EndProject
Project("{FAE04EC0-301F-11D3-BF4B-00C04F79EFBC}") = "Tango.Toolbox", "Tango.Toolbox\Tango.Toolbox.csproj", "{47207B77-5DC5-41AE-9920-FF4D484B167D}"
EndProject
Global
	GlobalSection(SolutionConfigurationPlatforms) = preSolution
		Debug|ARM = Debug|ARM
		Debug|ARM64 = Debug|ARM64
		Debug|x64 = Debug|x64
		Debug|x86 = Debug|x86
		Release|ARM = Release|ARM
		Release|ARM64 = Release|ARM64
		Release|x64 = Release|x64
		Release|x86 = Release|x86
	EndGlobalSection
	GlobalSection(ProjectConfigurationPlatforms) = postSolution
		{DBBB238C-295D-466C-A0DF-1F5B079C2C33}.Debug|ARM.ActiveCfg = Debug|ARM
		{DBBB238C-295D-466C-A0DF-1F5B079C2C33}.Debug|ARM.Build.0 = Debug|ARM
		{DBBB238C-295D-466C-A0DF-1F5B079C2C33}.Debug|ARM.Deploy.0 = Debug|ARM
		{DBBB238C-295D-466C-A0DF-1F5B079C2C33}.Debug|ARM64.ActiveCfg = Debug|ARM64
		{DBBB238C-295D-466C-A0DF-1F5B079C2C33}.Debug|ARM64.Build.0 = Debug|ARM64
		{DBBB238C-295D-466C-A0DF-1F5B079C2C33}.Debug|ARM64.Deploy.0 = Debug|ARM64
		{DBBB238C-295D-466C-A0DF-1F5B079C2C33}.Debug|x64.ActiveCfg = Debug|x64
		{DBBB238C-295D-466C-A0DF-1F5B079C2C33}.Debug|x64.Build.0 = Debug|x64
		{DBBB238C-295D-466C-A0DF-1F5B079C2C33}.Debug|x64.Deploy.0 = Debug|x64
		{DBBB238C-295D-466C-A0DF-1F5B079C2C33}.Debug|x86.ActiveCfg = Debug|x86
		{DBBB238C-295D-466C-A0DF-1F5B079C2C33}.Debug|x86.Build.0 = Debug|x86
		{DBBB238C-295D-466C-A0DF-1F5B079C2C33}.Debug|x86.Deploy.0 = Debug|x86
		{DBBB238C-295D-466C-A0DF-1F5B079C2C33}.Release|ARM.ActiveCfg = Release|ARM
		{DBBB238C-295D-466C-A0DF-1F5B079C2C33}.Release|ARM.Build.0 = Release|ARM
		{DBBB238C-295D-466C-A0DF-1F5B079C2C33}.Release|ARM.Deploy.0 = Release|ARM
		{DBBB238C-295D-466C-A0DF-1F5B079C2C33}.Release|ARM64.ActiveCfg = Release|ARM64
		{DBBB238C-295D-466C-A0DF-1F5B079C2C33}.Release|ARM64.Build.0 = Release|ARM64
		{DBBB238C-295D-466C-A0DF-1F5B079C2C33}.Release|ARM64.Deploy.0 = Release|ARM64
		{DBBB238C-295D-466C-A0DF-1F5B079C2C33}.Release|x64.ActiveCfg = Release|x64
		{DBBB238C-295D-466C-A0DF-1F5B079C2C33}.Release|x64.Build.0 = Release|x64
		{DBBB238C-295D-466C-A0DF-1F5B079C2C33}.Release|x64.Deploy.0 = Release|x64
		{DBBB238C-295D-466C-A0DF-1F5B079C2C33}.Release|x86.ActiveCfg = Release|x86
		{DBBB238C-295D-466C-A0DF-1F5B079C2C33}.Release|x86.Build.0 = Release|x86
		{DBBB238C-295D-466C-A0DF-1F5B079C2C33}.Release|x86.Deploy.0 = Release|x86
		{611572B5-77EB-4748-A55B-8382B200EEEC}.Debug|ARM.ActiveCfg = Debug|ARM
		{611572B5-77EB-4748-A55B-8382B200EEEC}.Debug|ARM.Build.0 = Debug|ARM
		{611572B5-77EB-4748-A55B-8382B200EEEC}.Debug|ARM64.ActiveCfg = Debug|ARM64
		{611572B5-77EB-4748-A55B-8382B200EEEC}.Debug|ARM64.Build.0 = Debug|ARM64
		{611572B5-77EB-4748-A55B-8382B200EEEC}.Debug|x64.ActiveCfg = Debug|x64
		{611572B5-77EB-4748-A55B-8382B200EEEC}.Debug|x64.Build.0 = Debug|x64
		{611572B5-77EB-4748-A55B-8382B200EEEC}.Debug|x86.ActiveCfg = Debug|x86
		{611572B5-77EB-4748-A55B-8382B200EEEC}.Debug|x86.Build.0 = Debug|x86
		{611572B5-77EB-4748-A55B-8382B200EEEC}.Release|ARM.ActiveCfg = Release|ARM
		{611572B5-77EB-4748-A55B-8382B200EEEC}.Release|ARM.Build.0 = Release|ARM
		{611572B5-77EB-4748-A55B-8382B200EEEC}.Release|ARM64.ActiveCfg = Release|ARM64
		{611572B5-77EB-4748-A55B-8382B200EEEC}.Release|ARM64.Build.0 = Release|ARM64
		{611572B5-77EB-4748-A55B-8382B200EEEC}.Release|x64.ActiveCfg = Release|x64
		{611572B5-77EB-4748-A55B-8382B200EEEC}.Release|x64.Build.0 = Release|x64
		{611572B5-77EB-4748-A55B-8382B200EEEC}.Release|x86.ActiveCfg = Release|x86
		{611572B5-77EB-4748-A55B-8382B200EEEC}.Release|x86.Build.0 = Release|x86
		{76E720F1-5542-42AB-B27E-1810A6A7E744}.Debug|ARM.ActiveCfg = Debug|ARM
		{76E720F1-5542-42AB-B27E-1810A6A7E744}.Debug|ARM.Build.0 = Debug|ARM
		{76E720F1-5542-42AB-B27E-1810A6A7E744}.Debug|ARM64.ActiveCfg = Debug|ARM64
		{76E720F1-5542-42AB-B27E-1810A6A7E744}.Debug|ARM64.Build.0 = Debug|ARM64
		{76E720F1-5542-42AB-B27E-1810A6A7E744}.Debug|x64.ActiveCfg = Debug|x64
		{76E720F1-5542-42AB-B27E-1810A6A7E744}.Debug|x64.Build.0 = Debug|x64
		{76E720F1-5542-42AB-B27E-1810A6A7E744}.Debug|x86.ActiveCfg = Debug|x86
		{76E720F1-5542-42AB-B27E-1810A6A7E744}.Debug|x86.Build.0 = Debug|x86
		{76E720F1-5542-42AB-B27E-1810A6A7E744}.Release|ARM.ActiveCfg = Release|ARM
		{76E720F1-5542-42AB-B27E-1810A6A7E744}.Release|ARM.Build.0 = Release|ARM
		{76E720F1-5542-42AB-B27E-1810A6A7E744}.Release|ARM64.ActiveCfg = Release|ARM64
		{76E720F1-5542-42AB-B27E-1810A6A7E744}.Release|ARM64.Build.0 = Release|ARM64
		{76E720F1-5542-42AB-B27E-1810A6A7E744}.Release|x64.ActiveCfg = Release|x64
		{76E720F1-5542-42AB-B27E-1810A6A7E744}.Release|x64.Build.0 = Release|x64
		{76E720F1-5542-42AB-B27E-1810A6A7E744}.Release|x86.ActiveCfg = Release|x86
		{76E720F1-5542-42AB-B27E-1810A6A7E744}.Release|x86.Build.0 = Release|x86
		{04300DD5-53CB-4314-86EF-E4560CC4EA04}.Debug|ARM.ActiveCfg = Debug|ARM
		{04300DD5-53CB-4314-86EF-E4560CC4EA04}.Debug|ARM.Build.0 = Debug|ARM
		{04300DD5-53CB-4314-86EF-E4560CC4EA04}.Debug|ARM64.ActiveCfg = Debug|ARM64
		{04300DD5-53CB-4314-86EF-E4560CC4EA04}.Debug|ARM64.Build.0 = Debug|ARM64
		{04300DD5-53CB-4314-86EF-E4560CC4EA04}.Debug|x64.ActiveCfg = Debug|x64
		{04300DD5-53CB-4314-86EF-E4560CC4EA04}.Debug|x64.Build.0 = Debug|x64
		{04300DD5-53CB-4314-86EF-E4560CC4EA04}.Debug|x86.ActiveCfg = Debug|x86
		{04300DD5-53CB-4314-86EF-E4560CC4EA04}.Debug|x86.Build.0 = Debug|x86
		{04300DD5-53CB-4314-86EF-E4560CC4EA04}.Release|ARM.ActiveCfg = Release|ARM
		{04300DD5-53CB-4314-86EF-E4560CC4EA04}.Release|ARM.Build.0 = Release|ARM
		{04300DD5-53CB-4314-86EF-E4560CC4EA04}.Release|ARM64.ActiveCfg = Release|ARM64
		{04300DD5-53CB-4314-86EF-E4560CC4EA04}.Release|ARM64.Build.0 = Release|ARM64
		{04300DD5-53CB-4314-86EF-E4560CC4EA04}.Release|x64.ActiveCfg = Release|x64
		{04300DD5-53CB-4314-86EF-E4560CC4EA04}.Release|x64.Build.0 = Release|x64
		{04300DD5-53CB-4314-86EF-E4560CC4EA04}.Release|x86.ActiveCfg = Release|x86
		{04300DD5-53CB-4314-86EF-E4560CC4EA04}.Release|x86.Build.0 = Release|x86
		{0F6FA9CD-EF41-4068-A934-97F8D92FA262}.Debug|ARM.ActiveCfg = Debug|ARM
		{0F6FA9CD-EF41-4068-A934-97F8D92FA262}.Debug|ARM.Build.0 = Debug|ARM
		{0F6FA9CD-EF41-4068-A934-97F8D92FA262}.Debug|ARM64.ActiveCfg = Debug|ARM64
		{0F6FA9CD-EF41-4068-A934-97F8D92FA262}.Debug|ARM64.Build.0 = Debug|ARM64
		{0F6FA9CD-EF41-4068-A934-97F8D92FA262}.Debug|x64.ActiveCfg = Debug|x64
		{0F6FA9CD-EF41-4068-A934-97F8D92FA262}.Debug|x64.Build.0 = Debug|x64
		{0F6FA9CD-EF41-4068-A934-97F8D92FA262}.Debug|x86.ActiveCfg = Debug|x86
		{0F6FA9CD-EF41-4068-A934-97F8D92FA262}.Debug|x86.Build.0 = Debug|x86
		{0F6FA9CD-EF41-4068-A934-97F8D92FA262}.Release|ARM.ActiveCfg = Release|ARM
		{0F6FA9CD-EF41-4068-A934-97F8D92FA262}.Release|ARM.Build.0 = Release|ARM
		{0F6FA9CD-EF41-4068-A934-97F8D92FA262}.Release|ARM64.ActiveCfg = Release|ARM64
		{0F6FA9CD-EF41-4068-A934-97F8D92FA262}.Release|ARM64.Build.0 = Release|ARM64
		{0F6FA9CD-EF41-4068-A934-97F8D92FA262}.Release|x64.ActiveCfg = Release|x64
		{0F6FA9CD-EF41-4068-A934-97F8D92FA262}.Release|x64.Build.0 = Release|x64
		{0F6FA9CD-EF41-4068-A934-97F8D92FA262}.Release|x86.ActiveCfg = Release|x86
		{0F6FA9CD-EF41-4068-A934-97F8D92FA262}.Release|x86.Build.0 = Release|x86
		{3EB9BFF2-4CDA-47E7-B490-58CC0C420491}.Debug|ARM.ActiveCfg = Debug|ARM
		{3EB9BFF2-4CDA-47E7-B490-58CC0C420491}.Debug|ARM.Build.0 = Debug|ARM
		{3EB9BFF2-4CDA-47E7-B490-58CC0C420491}.Debug|ARM64.ActiveCfg = Debug|ARM64
		{3EB9BFF2-4CDA-47E7-B490-58CC0C420491}.Debug|ARM64.Build.0 = Debug|ARM64
		{3EB9BFF2-4CDA-47E7-B490-58CC0C420491}.Debug|x64.ActiveCfg = Debug|x64
		{3EB9BFF2-4CDA-47E7-B490-58CC0C420491}.Debug|x64.Build.0 = Debug|x64
		{3EB9BFF2-4CDA-47E7-B490-58CC0C420491}.Debug|x86.ActiveCfg = Debug|x86
		{3EB9BFF2-4CDA-47E7-B490-58CC0C420491}.Debug|x86.Build.0 = Debug|x86
		{3EB9BFF2-4CDA-47E7-B490-58CC0C420491}.Release|ARM.ActiveCfg = Release|ARM
		{3EB9BFF2-4CDA-47E7-B490-58CC0C420491}.Release|ARM.Build.0 = Release|ARM
		{3EB9BFF2-4CDA-47E7-B490-58CC0C420491}.Release|ARM64.ActiveCfg = Release|ARM64
		{3EB9BFF2-4CDA-47E7-B490-58CC0C420491}.Release|ARM64.Build.0 = Release|ARM64
		{3EB9BFF2-4CDA-47E7-B490-58CC0C420491}.Release|x64.ActiveCfg = Release|x64
		{3EB9BFF2-4CDA-47E7-B490-58CC0C420491}.Release|x64.Build.0 = Release|x64
		{3EB9BFF2-4CDA-47E7-B490-58CC0C420491}.Release|x86.ActiveCfg = Release|x86
		{3EB9BFF2-4CDA-47E7-B490-58CC0C420491}.Release|x86.Build.0 = Release|x86
		{24752428-C2F4-4BC4-931C-7C2B00AAF7CE}.Debug|ARM.ActiveCfg = Debug|ARM
		{24752428-C2F4-4BC4-931C-7C2B00AAF7CE}.Debug|ARM.Build.0 = Debug|ARM
		{24752428-C2F4-4BC4-931C-7C2B00AAF7CE}.Debug|ARM64.ActiveCfg = Debug|ARM64
		{24752428-C2F4-4BC4-931C-7C2B00AAF7CE}.Debug|ARM64.Build.0 = Debug|ARM64
		{24752428-C2F4-4BC4-931C-7C2B00AAF7CE}.Debug|x64.ActiveCfg = Debug|x64
		{24752428-C2F4-4BC4-931C-7C2B00AAF7CE}.Debug|x64.Build.0 = Debug|x64
		{24752428-C2F4-4BC4-931C-7C2B00AAF7CE}.Debug|x86.ActiveCfg = Debug|x86
		{24752428-C2F4-4BC4-931C-7C2B00AAF7CE}.Debug|x86.Build.0 = Debug|x86
		{24752428-C2F4-4BC4-931C-7C2B00AAF7CE}.Release|ARM.ActiveCfg = Release|ARM
		{24752428-C2F4-4BC4-931C-7C2B00AAF7CE}.Release|ARM.Build.0 = Release|ARM
		{24752428-C2F4-4BC4-931C-7C2B00AAF7CE}.Release|ARM64.ActiveCfg = Release|ARM64
		{24752428-C2F4-4BC4-931C-7C2B00AAF7CE}.Release|ARM64.Build.0 = Release|ARM64
		{24752428-C2F4-4BC4-931C-7C2B00AAF7CE}.Release|x64.ActiveCfg = Release|x64
		{24752428-C2F4-4BC4-931C-7C2B00AAF7CE}.Release|x64.Build.0 = Release|x64
		{24752428-C2F4-4BC4-931C-7C2B00AAF7CE}.Release|x86.ActiveCfg = Release|x86
		{24752428-C2F4-4BC4-931C-7C2B00AAF7CE}.Release|x86.Build.0 = Release|x86
		{2629E08D-CCE7-46E8-B1C8-79C37F8ABDAC}.Debug|ARM.ActiveCfg = Debug|ARM
		{2629E08D-CCE7-46E8-B1C8-79C37F8ABDAC}.Debug|ARM.Build.0 = Debug|ARM
		{2629E08D-CCE7-46E8-B1C8-79C37F8ABDAC}.Debug|ARM64.ActiveCfg = Debug|ARM64
		{2629E08D-CCE7-46E8-B1C8-79C37F8ABDAC}.Debug|ARM64.Build.0 = Debug|ARM64
		{2629E08D-CCE7-46E8-B1C8-79C37F8ABDAC}.Debug|x64.ActiveCfg = Debug|x64
		{2629E08D-CCE7-46E8-B1C8-79C37F8ABDAC}.Debug|x64.Build.0 = Debug|x64
		{2629E08D-CCE7-46E8-B1C8-79C37F8ABDAC}.Debug|x86.ActiveCfg = Debug|x86
		{2629E08D-CCE7-46E8-B1C8-79C37F8ABDAC}.Debug|x86.Build.0 = Debug|x86
		{2629E08D-CCE7-46E8-B1C8-79C37F8ABDAC}.Release|ARM.ActiveCfg = Release|ARM
		{2629E08D-CCE7-46E8-B1C8-79C37F8ABDAC}.Release|ARM.Build.0 = Release|ARM
		{2629E08D-CCE7-46E8-B1C8-79C37F8ABDAC}.Release|ARM64.ActiveCfg = Release|ARM64
		{2629E08D-CCE7-46E8-B1C8-79C37F8ABDAC}.Release|ARM64.Build.0 = Release|ARM64
		{2629E08D-CCE7-46E8-B1C8-79C37F8ABDAC}.Release|x64.ActiveCfg = Release|x64
		{2629E08D-CCE7-46E8-B1C8-79C37F8ABDAC}.Release|x64.Build.0 = Release|x64
		{2629E08D-CCE7-46E8-B1C8-79C37F8ABDAC}.Release|x86.ActiveCfg = Release|x86
		{2629E08D-CCE7-46E8-B1C8-79C37F8ABDAC}.Release|x86.Build.0 = Release|x86
		{47207B77-5DC5-41AE-9920-FF4D484B167D}.Debug|ARM.ActiveCfg = Debug|ARM
		{47207B77-5DC5-41AE-9920-FF4D484B167D}.Debug|ARM.Build.0 = Debug|ARM
		{47207B77-5DC5-41AE-9920-FF4D484B167D}.Debug|ARM64.ActiveCfg = Debug|ARM64
		{47207B77-5DC5-41AE-9920-FF4D484B167D}.Debug|ARM64.Build.0 = Debug|ARM64
		{47207B77-5DC5-41AE-9920-FF4D484B167D}.Debug|x64.ActiveCfg = Debug|x64
		{47207B77-5DC5-41AE-9920-FF4D484B167D}.Debug|x64.Build.0 = Debug|x64
		{47207B77-5DC5-41AE-9920-FF4D484B167D}.Debug|x86.ActiveCfg = Debug|x86
		{47207B77-5DC5-41AE-9920-FF4D484B167D}.Debug|x86.Build.0 = Debug|x86
		{47207B77-5DC5-41AE-9920-FF4D484B167D}.Release|ARM.ActiveCfg = Release|ARM
		{47207B77-5DC5-41AE-9920-FF4D484B167D}.Release|ARM.Build.0 = Release|ARM
		{47207B77-5DC5-41AE-9920-FF4D484B167D}.Release|ARM64.ActiveCfg = Release|ARM64
		{47207B77-5DC5-41AE-9920-FF4D484B167D}.Release|ARM64.Build.0 = Release|ARM64
		{47207B77-5DC5-41AE-9920-FF4D484B167D}.Release|x64.ActiveCfg = Release|x64
		{47207B77-5DC5-41AE-9920-FF4D484B167D}.Release|x64.Build.0 = Release|x64
		{47207B77-5DC5-41AE-9920-FF4D484B167D}.Release|x86.ActiveCfg = Release|x86
		{47207B77-5DC5-41AE-9920-FF4D484B167D}.Release|x86.Build.0 = Release|x86
	EndGlobalSection
	GlobalSection(SolutionProperties) = preSolution
		HideSolutionNode = FALSE
	EndGlobalSection
	GlobalSection(ExtensibilityGlobals) = postSolution
		SolutionGuid = {6C53B9FD-504E-40F4-8CD8-B35978E6795F}
	EndGlobalSection
EndGlobal
